
Microsoft Visual Studio Solution File, Format Version 12.00
# Visual Studio Version 16
VisualStudioVersion = 16.0.29519.181
MinimumVisualStudioVersion = 10.0.40219.1
Project("{FAE04EC0-301F-11D3-BF4B-00C04F79EFBC}") = "LazyLizard", "LazyLizard.csproj", "{05E98F7F-2793-4D1A-9AE5-20D14F3FF398}"
EndProject
Global
	GlobalSection(SolutionConfigurationPlatforms) = preSolution
		Debug|Any CPU = Debug|Any CPU
		Release|Any CPU = Release|Any CPU
	EndGlobalSection
	GlobalSection(ProjectConfigurationPlatforms) = postSolution
		{05E98F7F-2793-4D1A-9AE5-20D14F3FF398}.Debug|Any CPU.ActiveCfg = Debug|Any CPU
		{05E98F7F-2793-4D1A-9AE5-20D14F3FF398}.Debug|Any CPU.Build.0 = Debug|Any CPU
		{05E98F7F-2793-4D1A-9AE5-20D14F3FF398}.Release|Any CPU.ActiveCfg = Release|Any CPU
		{05E98F7F-2793-4D1A-9AE5-20D14F3FF398}.Release|Any CPU.Build.0 = Release|Any CPU
	EndGlobalSection
	GlobalSection(SolutionProperties) = preSolution
		HideSolutionNode = FALSE
	EndGlobalSection
	GlobalSection(ExtensibilityGlobals) = postSolution
		SolutionGuid = {F3971A88-6CDB-4A86-8419-41901281B9C2}
	EndGlobalSection
	GlobalSection(TeamFoundationVersionControl) = preSolution
		SccNumberOfProjects = 2
		SccEnterpriseProvider = {4CA58AB2-18FA-4F8D-95D4-32DDF27D184C}
		SccTeamFoundationServer = https://no2don.visualstudio.com/
		SccLocalPath0 = .
		SccProjectUniqueName1 = LazyLizard.csproj
		SccLocalPath1 = .
	EndGlobalSection
EndGlobal
